
Microsoft Visual Studio Solution File, Format Version 12.00
# Visual Studio 15
VisualStudioVersion = 15.0.28307.852
MinimumVisualStudioVersion = 10.0.40219.1
Project("{FAE04EC0-301F-11D3-BF4B-00C04F79EFBC}") = "SinemaCodeFirst", "SinemaCodeFirst\SinemaCodeFirst.csproj", "{E683B1EE-195A-48C6-9B6E-008C7DB0BE4A}"
EndProject
Global
	GlobalSection(SolutionConfigurationPlatforms) = preSolution
		Debug|Any CPU = Debug|Any CPU
		Release|Any CPU = Release|Any CPU
	EndGlobalSection
	GlobalSection(ProjectConfigurationPlatforms) = postSolution
		{E683B1EE-195A-48C6-9B6E-008C7DB0BE4A}.Debug|Any CPU.ActiveCfg = Debug|Any CPU
		{E683B1EE-195A-48C6-9B6E-008C7DB0BE4A}.Debug|Any CPU.Build.0 = Debug|Any CPU
		{E683B1EE-195A-48C6-9B6E-008C7DB0BE4A}.Release|Any CPU.ActiveCfg = Release|Any CPU
		{E683B1EE-195A-48C6-9B6E-008C7DB0BE4A}.Release|Any CPU.Build.0 = Release|Any CPU
	EndGlobalSection
	GlobalSection(SolutionProperties) = preSolution
		HideSolutionNode = FALSE
	EndGlobalSection
	GlobalSection(ExtensibilityGlobals) = postSolution
		SolutionGuid = {D2C50B78-8602-46A3-B6C7-6B0CB6029B87}
	EndGlobalSection
EndGlobal
